
Microsoft Visual Studio Solution File, Format Version 12.00
# Visual Studio Version 16
VisualStudioVersion = 16.0.32413.511
MinimumVisualStudioVersion = 10.0.40219.1
Project("{FAE04EC0-301F-11D3-BF4B-00C04F79EFBC}") = "Student_Housing_Agency", "Student_Housing_Agency\Student_Housing_Agency.csproj", "{0AA0704B-F05B-4263-B0CA-AAB3543F936B}"
EndProject
Global
	GlobalSection(SolutionConfigurationPlatforms) = preSolution
		Debug|Any CPU = Debug|Any CPU
		Release|Any CPU = Release|Any CPU
	EndGlobalSection
	GlobalSection(ProjectConfigurationPlatforms) = postSolution
		{0AA0704B-F05B-4263-B0CA-AAB3543F936B}.Debug|Any CPU.ActiveCfg = Debug|Any CPU
		{0AA0704B-F05B-4263-B0CA-AAB3543F936B}.Debug|Any CPU.Build.0 = Debug|Any CPU
		{0AA0704B-F05B-4263-B0CA-AAB3543F936B}.Release|Any CPU.ActiveCfg = Release|Any CPU
		{0AA0704B-F05B-4263-B0CA-AAB3543F936B}.Release|Any CPU.Build.0 = Release|Any CPU
	EndGlobalSection
	GlobalSection(SolutionProperties) = preSolution
		HideSolutionNode = FALSE
	EndGlobalSection
	GlobalSection(ExtensibilityGlobals) = postSolution
		SolutionGuid = {899C0872-6036-4BC0-9008-AF522AB0E931}
	EndGlobalSection
EndGlobal
